
Microsoft Visual Studio Solution File, Format Version 12.00
# Visual Studio 2012
Project("{FAE04EC0-301F-11D3-BF4B-00C04F79EFBC}") = "Criterion", "Criterion.csproj", "{FBD1C671-ABB8-4D1A-A86B-E471211B3D5B}"
EndProject
Project("{FAE04EC0-301F-11D3-BF4B-00C04F79EFBC}") = "ExampleCriterion", "..\ExampleCriterion\ExampleCriterion.csproj", "{34DE700C-6B9D-4ABD-984A-2E2124F9EA1C}"
EndProject
Global
	GlobalSection(SolutionConfigurationPlatforms) = preSolution
		Debug|Any CPU = Debug|Any CPU
		Release|Any CPU = Release|Any CPU
	EndGlobalSection
	GlobalSection(ProjectConfigurationPlatforms) = postSolution
		{FBD1C671-ABB8-4D1A-A86B-E471211B3D5B}.Debug|Any CPU.ActiveCfg = Debug|Any CPU
		{FBD1C671-ABB8-4D1A-A86B-E471211B3D5B}.Debug|Any CPU.Build.0 = Debug|Any CPU
		{FBD1C671-ABB8-4D1A-A86B-E471211B3D5B}.Release|Any CPU.ActiveCfg = Release|Any CPU
		{FBD1C671-ABB8-4D1A-A86B-E471211B3D5B}.Release|Any CPU.Build.0 = Release|Any CPU
		{34DE700C-6B9D-4ABD-984A-2E2124F9EA1C}.Debug|Any CPU.ActiveCfg = Debug|Any CPU
		{34DE700C-6B9D-4ABD-984A-2E2124F9EA1C}.Debug|Any CPU.Build.0 = Debug|Any CPU
		{34DE700C-6B9D-4ABD-984A-2E2124F9EA1C}.Release|Any CPU.ActiveCfg = Release|Any CPU
		{34DE700C-6B9D-4ABD-984A-2E2124F9EA1C}.Release|Any CPU.Build.0 = Release|Any CPU
	EndGlobalSection
	GlobalSection(SolutionProperties) = preSolution
		HideSolutionNode = FALSE
	EndGlobalSection
	GlobalSection(ExtensibilityGlobals) = postSolution
		VisualSVNWorkingCopyRoot = .
	EndGlobalSection
EndGlobal
